<Project xmlns="http://schemas.microsoft.com/developer/msbuild/2003">
    <PropertyGroup>
        <ProjectGuid>{9D9684DA-993F-42C2-8570-320E9FCDDDBB}</ProjectGuid>
        <ProjectVersion>17.2</ProjectVersion>
        <FrameworkType>VCL</FrameworkType>
        <MainSource>SistemadePrecificacao.dpr</MainSource>
        <Base>True</Base>
        <Config Condition="'$(Config)'==''">Debug</Config>
        <Platform Condition="'$(Platform)'==''">Win32</Platform>
        <TargetedPlatforms>1</TargetedPlatforms>
        <AppType>Application</AppType>
    </PropertyGroup>
    <PropertyGroup Condition="'$(Config)'=='Base' or '$(Base)'!=''">
        <Base>true</Base>
    </PropertyGroup>
    <PropertyGroup Condition="('$(Platform)'=='Win32' and '$(Base)'=='true') or '$(Base_Win32)'!=''">
        <Base_Win32>true</Base_Win32>
        <CfgParent>Base</CfgParent>
        <Base>true</Base>
    </PropertyGroup>
    <PropertyGroup Condition="('$(Platform)'=='Win64' and '$(Base)'=='true') or '$(Base_Win64)'!=''">
        <Base_Win64>true</Base_Win64>
        <CfgParent>Base</CfgParent>
        <Base>true</Base>
    </PropertyGroup>
    <PropertyGroup Condition="'$(Config)'=='Debug' or '$(Cfg_1)'!=''">
        <Cfg_1>true</Cfg_1>
        <CfgParent>Base</CfgParent>
        <Base>true</Base>
    </PropertyGroup>
    <PropertyGroup Condition="('$(Platform)'=='Win32' and '$(Cfg_1)'=='true') or '$(Cfg_1_Win32)'!=''">
        <Cfg_1_Win32>true</Cfg_1_Win32>
        <CfgParent>Cfg_1</CfgParent>
        <Cfg_1>true</Cfg_1>
        <Base>true</Base>
    </PropertyGroup>
    <PropertyGroup Condition="'$(Config)'=='Release' or '$(Cfg_2)'!=''">
        <Cfg_2>true</Cfg_2>
        <CfgParent>Base</CfgParent>
        <Base>true</Base>
    </PropertyGroup>
    <PropertyGroup Condition="'$(Base)'!=''">
        <DCC_Namespace>System;Xml;Data;Datasnap;Web;Soap;Vcl;Vcl.Imaging;Vcl.Touch;Vcl.Samples;Vcl.Shell;$(DCC_Namespace)</DCC_Namespace>
        <SanitizedProjectName>SistemadePrecificacao</SanitizedProjectName>
        <Icon_MainIcon>$(BDS)\bin\delphi_PROJECTICON.ico</Icon_MainIcon>
        <DCC_DcuOutput>.\$(Platform)\$(Config)</DCC_DcuOutput>
        <DCC_ExeOutput>.\$(Platform)\$(Config)</DCC_ExeOutput>
        <DCC_E>false</DCC_E>
        <DCC_N>false</DCC_N>
        <DCC_S>false</DCC_S>
        <DCC_F>false</DCC_F>
        <DCC_K>false</DCC_K>
    </PropertyGroup>
    <PropertyGroup Condition="'$(Base_Win32)'!=''">
        <DCC_UsePackage>dxBarRS22;JvGlobus;rbDAD1622;JvMM;JvManagedThreads;lmdrtdialog;indy10sbridge220;lmdrttoolsdb;ACBr_BoletoRL;FireDACPgDriver;ACBr_GNRE;dxPScxVGridLnkRS22;JvCrypt;DBXInterBaseDriver;DataSnapServer;DataSnapCommon;ACBre_Social;ACBr_BlocoX;dxWizardControlRS22;officeXPrt;Rave110VCL;JvDotNetCtrls;JvNet;DbxCommonDriver;lmdrtinspector;vclimg;ACBr_NF3e;dbxcds;dxServerModeRS22;DatasnapConnectorsFreePascal;ACBr_Comum;appanalytics;rbADO1622;JvXPCtrls;vcldb;lmdrtweb;lmdrtprint;ACBr_MDFeDamdfeRL;lmdrtchartdb;rbRTL1622;ACBr_SATExtratoESCPOS;rbRCL1622;Print_Fast;ACBr_PagFor;dxGDIPlusRS22;lmdrtrtfdb;ACBr_GNREGuiaRL;CustomIPTransport;dsnap;IndyIPServer;ACBr_MDFe;IndyCore;CloudService;FmxTeeUI;FireDACIBDriver;lmdrtrtf;ACBr_SAT;GMLib_DXE8_VCL;ipstudiowinwordxp;JvDB;JvRuntimeDesign;dxPScxPivotGridLnkRS22;dxComnRS22;cxPivotGridChartRS22;lmdrtrtlx;dclRBFireDAC1622;dsnapxml;SerialPort;dxPScxPCProdRS22;FireDACDb2Driver;dxSpellCheckerRS22;dxPScxGridLnkRS22;JclDeveloperTools;ACBR_DeSTDA;dxorgcRS22;dxBarExtItemsRS22;dxRibbonRS22;ACBr_Ponto;dxCoreRS22;lmdrtshell;ACBr_SEF2;cxVerticalGridRS22;frx22;bindcompfmx;rbRest1622;ACBr_PAF;GMLib_DXE8_FMX;dxSpreadSheetRS22;FireDACODBCDriver;RESTBackendComponents;cxSchedulerRS22;dbrtl;JustificaRichEdit;FireDACCommon;bindcomp;inetdb;lmdrtstorage;lmdrtgrid;cxExportRS22;dxPSDBTeeChartRS22;dclRBDBE1622;JvPluginSystem;ACBr_NFe;DBXOdbcDriver;ibmonitor;vclFireDAC;JvCmp;JvTimeFramework;xmlrtl;ibxpress;dxPSdxDBOCLnkRS22;cxDataRS22;FireDACCommonDriver;cxBarEditItemRS22;soaprtl;bindengine;vclactnband;FMXTee;GMLib_DXE8;ACBr_CTeDacteRL;bindcompvcl;dxBarExtDBItemsRS22;ACBr_BPe;Jcl;vclie;dxPSdxDBTVLnkRS22;Ofc;ACBr_TEFD;ACBr_Integrador;cxPageControlRS22;dxPsPrVwAdvRS22;FireDACMSSQLDriver;DBXInformixDriver;Intraweb;cxEditorsRS22;dxPScxExtCommonRS22;ipstudiowinclient;rbCIDE1622;GMLibEdit_DXE8;ACBr_SATExtratoRL;dsnapcon;DBXFirebirdDriver;dxMapControlRS22;inet;dxPSPrVwRibbonRS22;DataSnapServerMidas;dxmdsRS22;JvPascalInterpreter;FireDACMySQLDriver;soapmidas;vclx;RtmRxCtl220;rbTC1622;ACBr_SPEDImportar;DBXSybaseASADriver;Config;dxDockingRS22;RESTComponents;dxTabbedMDIRS22;dxdborRS22;lmdrtsearchdb;dbexpress;dxPScxTLLnkRS22;IndyIPClient;ACBr_Convenio115;lmdrttools;rbIDE1622;FireDACTDataDriver;FireDACSqliteDriver;lmdrtscript;ACBr_LCDPR;FireDACDSDriver;frxTee22;DBXSqliteDriver;lmdrttxtdb;lmdrtchart;ZComponent;ACBr_EDI;fmx;dxPSdxFCLnkRS22;lmdrttxt;IndySystem;dxLayoutControlRS22;TeeDB;tethering;cxSchedulerGridRS22;JvDlgs;ACBr_Diversos;ACBr_CIOT;vclib;dclRBE1622;DataSnapClient;ACBr_NFeDanfeESCPOS;dxNavBarRS22;DataSnapProviderClient;DBXSybaseASEDriver;frxe22;DUnitXRuntime;rbDBE1622;rbBDE1622;ACBr_ONE;dclRBADO1622;ACBr_BPeDabpeESCPOS;vcldsnap;dxBarDBNavRS22;lstchk;lmdrtsys;lmdrteldb;dxPSCoreRS22;fmxFireDAC;DBXDb2Driver;frce;QR506RunDXE8;DBXOracleDriver;cxGridRS22;JvCore;ACBr_Serial;vclribbon;rbDIDE1622;ACBr_SPED;fmxase;vcl;ACBr_NFSeDanfseRL;lmdrtelpro;DBXMSSQLDriver;IndyIPCommon;CodeSiteExpressPkg;dxThemeRS22;rbRIDE1622;ACBr_NF3eDANF3eESCPOS;ACBr_Boleto;Package1;DataSnapFireDAC;FireDACDBXDriver;cxPivotGridRS22;dxtrmdRS22;soapserver;dxPScxSchedulerLnkRS22;rbUSER1622;JvAppFrm;inetdbxpress;lmdrtdocking;ACBr_Sintegra;ACBr_NFSe;FireDACInfxDriver;ACBr_LFD;dxFireDACServerModeRS22;adortl;cxLibraryRS22;dxPSdxSpreadSheetLnkRS22;JvDocking;JvWizards;ACBr_TCP;dxPSdxLCLnkRS22;lmdrtcore;FireDACASADriver;JvHMI;dxPScxCommonRS22;lmdrtthemes;ACBr_NFSeX;JvBands;TextPkg;rbDB1622;ZDbc;emsclientfiredac;rtl;DbxClientDriver;ZPlain;lmdrtbar;ACBr_MTER;Tee;dxFlowChartRS22;JclContainers;dxPSLnksRS22;ACBr_CTe;ACBr_ANe;CPortLibDXE;JvSystem;ACBr_NFCeECFVirtual;DataSnapNativeClient;svnui;gbCob7;cxTreeListdxBarPopupMenuRS22;rbFireDAC1622;JvControls;IndyProtocols;DBXMySQLDriver;lmdrtsearch;dxPSdxOCLnkRS22;ACBr_NFeDanfeRL;bindcompdbx;TeeUI;rbRAP1622;rbIBE1622;JvJans;ipstudiowin;JvPageComps;nfdNFE_D7;JvStdCtrls;JvCustom;cxTreeListRS22;JvPrintPreview;dclRBIBE1622;rbTCUI1622;frxDB22;FireDACADSDriver;vcltouch;lmdrtelcore;dxADOServerModeRS22;ZCore;ACBr_OpenSSL;emsclient;dxdbtrRS22;sbridge220;ACBr_Reinf;ACBr_SATWS;VclSmp;FireDAC;VCLRESTComponents;cxSchedulerRibbonStyleEventEditorRS22;dxTileControlRS22;ACBr_ADRCST;DataSnapConnectors;lmdrtplugin;ACBr_SATECFVirtual;RtmRxDB220;fmxobj;JclVcl;lmdrtsyntax;dxPSTeeChartRS22;ZParseSql;cxPivotGridOLAPRS22;lmdrtfx;svn;rbUSERDesign1622;FireDACOracleDriver;fmxdae;cxSchedulerTreeBrowserRS22;bdertl;lmdrtl;lmdrtscriptimp;FireDACMSAccDriver;DataSnapIndy10ServerTransport;$(DCC_UsePackage)</DCC_UsePackage>
        <VerInfo_IncludeVerInfo>true</VerInfo_IncludeVerInfo>
        <VerInfo_Locale>1033</VerInfo_Locale>
        <VerInfo_Keys>CompanyName=;FileDescription=;FileVersion=1.0.0.0;InternalName=;LegalCopyright=;LegalTrademarks=;OriginalFilename=;ProductName=;ProductVersion=1.0.0.0;Comments=</VerInfo_Keys>
        <Manifest_File>$(BDS)\bin\default_app.manifest</Manifest_File>
        <DCC_Namespace>Winapi;System.Win;Data.Win;Datasnap.Win;Web.Win;Soap.Win;Xml.Win;Bde;$(DCC_Namespace)</DCC_Namespace>
    </PropertyGroup>
    <PropertyGroup Condition="'$(Base_Win64)'!=''">
        <DCC_UsePackage>dxBarRS22;lmdrtdialog;lmdrttoolsdb;FireDACPgDriver;dxPScxVGridLnkRS22;DBXInterBaseDriver;DataSnapServer;DataSnapCommon;dxWizardControlRS22;officeXPrt;DbxCommonDriver;lmdrtinspector;vclimg;dbxcds;dxServerModeRS22;DatasnapConnectorsFreePascal;appanalytics;vcldb;lmdrtweb;lmdrtprint;lmdrtchartdb;dxGDIPlusRS22;lmdrtrtfdb;CustomIPTransport;dsnap;IndyIPServer;IndyCore;CloudService;FmxTeeUI;FireDACIBDriver;lmdrtrtf;GMLib_DXE8_VCL;dxPScxPivotGridLnkRS22;dxComnRS22;cxPivotGridChartRS22;lmdrtrtlx;dsnapxml;dxPScxPCProdRS22;FireDACDb2Driver;dxSpellCheckerRS22;dxPScxGridLnkRS22;dxorgcRS22;dxBarExtItemsRS22;dxRibbonRS22;dxCoreRS22;lmdrtshell;cxVerticalGridRS22;bindcompfmx;GMLib_DXE8_FMX;dxSpreadSheetRS22;FireDACODBCDriver;RESTBackendComponents;cxSchedulerRS22;dbrtl;FireDACCommon;bindcomp;inetdb;lmdrtstorage;lmdrtgrid;cxExportRS22;dxPSDBTeeChartRS22;DBXOdbcDriver;ibmonitor;vclFireDAC;xmlrtl;ibxpress;dxPSdxDBOCLnkRS22;cxDataRS22;FireDACCommonDriver;cxBarEditItemRS22;soaprtl;bindengine;vclactnband;FMXTee;GMLib_DXE8;bindcompvcl;dxBarExtDBItemsRS22;vclie;dxPSdxDBTVLnkRS22;cxPageControlRS22;dxPsPrVwAdvRS22;FireDACMSSQLDriver;DBXInformixDriver;Intraweb;cxEditorsRS22;dxPScxExtCommonRS22;ipstudiowinclient;dsnapcon;DBXFirebirdDriver;dxMapControlRS22;inet;dxPSPrVwRibbonRS22;DataSnapServerMidas;dxmdsRS22;FireDACMySQLDriver;soapmidas;vclx;DBXSybaseASADriver;dxDockingRS22;RESTComponents;dxTabbedMDIRS22;dxdborRS22;lmdrtsearchdb;dbexpress;dxPScxTLLnkRS22;IndyIPClient;lmdrttools;FireDACTDataDriver;FireDACSqliteDriver;lmdrtscript;FireDACDSDriver;DBXSqliteDriver;lmdrttxtdb;lmdrtchart;ZComponent;fmx;dxPSdxFCLnkRS22;lmdrttxt;IndySystem;dxLayoutControlRS22;TeeDB;tethering;cxSchedulerGridRS22;vclib;DataSnapClient;dxNavBarRS22;DataSnapProviderClient;DBXSybaseASEDriver;vcldsnap;dxBarDBNavRS22;lmdrtsys;lmdrteldb;dxPSCoreRS22;fmxFireDAC;DBXDb2Driver;QR506RunDXE8;DBXOracleDriver;cxGridRS22;vclribbon;fmxase;vcl;lmdrtelpro;DBXMSSQLDriver;IndyIPCommon;dxThemeRS22;DataSnapFireDAC;FireDACDBXDriver;cxPivotGridRS22;dxtrmdRS22;soapserver;dxPScxSchedulerLnkRS22;inetdbxpress;lmdrtdocking;FireDACInfxDriver;dxFireDACServerModeRS22;adortl;cxLibraryRS22;dxPSdxSpreadSheetLnkRS22;dxPSdxLCLnkRS22;lmdrtcore;FireDACASADriver;dxPScxCommonRS22;lmdrtthemes;ZDbc;emsclientfiredac;rtl;DbxClientDriver;ZPlain;lmdrtbar;Tee;dxFlowChartRS22;dxPSLnksRS22;DataSnapNativeClient;cxTreeListdxBarPopupMenuRS22;IndyProtocols;DBXMySQLDriver;lmdrtsearch;dxPSdxOCLnkRS22;bindcompdbx;TeeUI;ipstudiowin;cxTreeListRS22;FireDACADSDriver;vcltouch;lmdrtelcore;dxADOServerModeRS22;ZCore;emsclient;dxdbtrRS22;VclSmp;FireDAC;VCLRESTComponents;cxSchedulerRibbonStyleEventEditorRS22;dxTileControlRS22;DataSnapConnectors;lmdrtplugin;fmxobj;lmdrtsyntax;dxPSTeeChartRS22;ZParseSql;cxPivotGridOLAPRS22;lmdrtfx;FireDACOracleDriver;fmxdae;cxSchedulerTreeBrowserRS22;lmdrtl;lmdrtscriptimp;FireDACMSAccDriver;DataSnapIndy10ServerTransport;$(DCC_UsePackage)</DCC_UsePackage>
    </PropertyGroup>
    <PropertyGroup Condition="'$(Cfg_1)'!=''">
        <DCC_Define>DEBUG;$(DCC_Define)</DCC_Define>
        <DCC_DebugDCUs>true</DCC_DebugDCUs>
        <DCC_Optimize>false</DCC_Optimize>
        <DCC_GenerateStackFrames>true</DCC_GenerateStackFrames>
        <DCC_DebugInfoInExe>true</DCC_DebugInfoInExe>
        <DCC_RemoteDebug>true</DCC_RemoteDebug>
    </PropertyGroup>
    <PropertyGroup Condition="'$(Cfg_1_Win32)'!=''">
        <DCC_DcuOutput>D:\SistemadePrecificacao\Fontes\Output\dcu\</DCC_DcuOutput>
        <DCC_DcpOutput>D:\SistemadePrecificacao\Fontes\Output\dcu\</DCC_DcpOutput>
        <VerInfo_IncludeVerInfo>true</VerInfo_IncludeVerInfo>
        <VerInfo_Locale>1033</VerInfo_Locale>
        <DCC_BplOutput>D:\SistemadePrecificacao\Fontes\Output\dcu\</DCC_BplOutput>
        <DCC_ExeOutput>D:\SistemadePrecificacao\Fontes\Output\</DCC_ExeOutput>
        <DCC_RemoteDebug>false</DCC_RemoteDebug>
    </PropertyGroup>
    <PropertyGroup Condition="'$(Cfg_2)'!=''">
        <DCC_LocalDebugSymbols>false</DCC_LocalDebugSymbols>
        <DCC_Define>RELEASE;$(DCC_Define)</DCC_Define>
        <DCC_SymbolReferenceInfo>0</DCC_SymbolReferenceInfo>
        <DCC_DebugInformation>0</DCC_DebugInformation>
    </PropertyGroup>
    <ItemGroup>
        <DelphiCompile Include="$(MainSource)">
            <MainSource>MainSource</MainSource>
        </DelphiCompile>
        <DCCReference Include="UPrincipal.pas">
            <Form>FrmPrincipal</Form>
            <FormType>dfm</FormType>
        </DCCReference>
        <DCCReference Include="Udados.pas">
            <Form>Dmdados</Form>
            <FormType>dfm</FormType>
            <DesignClass>TDataModule</DesignClass>
        </DCCReference>
        <DCCReference Include="ULogin.pas">
            <Form>FrmLogin</Form>
            <FormType>dfm</FormType>
        </DCCReference>
        <DCCReference Include="UConfigServidor.pas">
            <Form>FrmConfigServidor</Form>
            <FormType>dfm</FormType>
        </DCCReference>
        <DCCReference Include="classes.conexao.pas"/>
        <DCCReference Include="UFuncoes.pas"/>
        <DCCReference Include="USimulacaoPreco.pas">
            <Form>FrmSimulacaoPreco</Form>
            <FormType>dfm</FormType>
        </DCCReference>
        <DCCReference Include="UCadProduto.pas">
            <Form>FrmCadProduto</Form>
            <FormType>dfm</FormType>
        </DCCReference>
        <DCCReference Include="UConsultaSimulacao.pas">
            <Form>FrmConsultaSimulacao</Form>
            <FormType>dfm</FormType>
        </DCCReference>
        <DCCReference Include="UConsultaProduto.pas">
            <Form>FrmConsultaProduto</Form>
            <FormType>dfm</FormType>
        </DCCReference>
        <BuildConfiguration Include="Release">
            <Key>Cfg_2</Key>
            <CfgParent>Base</CfgParent>
        </BuildConfiguration>
        <BuildConfiguration Include="Base">
            <Key>Base</Key>
        </BuildConfiguration>
        <BuildConfiguration Include="Debug">
            <Key>Cfg_1</Key>
            <CfgParent>Base</CfgParent>
        </BuildConfiguration>
    </ItemGroup>
    <ProjectExtensions>
        <Borland.Personality>Delphi.Personality.12</Borland.Personality>
        <Borland.ProjectType>Application</Borland.ProjectType>
        <BorlandProject>
            <Delphi.Personality>
                <Source>
                    <Source Name="MainSource">SistemadePrecificacao.dpr</Source>
                </Source>
                <Excluded_Packages>
                    <Excluded_Packages Name="$(BDSBIN)\dcloffice2k220.bpl">Microsoft Office 2000 Sample Automation Server Wrapper Components</Excluded_Packages>
                    <Excluded_Packages Name="$(BDSBIN)\dclofficexp220.bpl">Microsoft Office XP Sample Automation Server Wrapper Components</Excluded_Packages>
                </Excluded_Packages>
            </Delphi.Personality>
            <Deployment Version="1">
                <DeployFile LocalName="Output\SistemadePrecificacao.exe" Configuration="Debug" Class="ProjectOutput">
                    <Platform Name="Win32">
                        <RemoteName>SistemadePrecificacao.exe</RemoteName>
                        <Overwrite>true</Overwrite>
                    </Platform>
                </DeployFile>
                <DeployClass Required="true" Name="DependencyPackage">
                    <Platform Name="iOSDevice64">
                        <Operation>1</Operation>
                        <Extensions>.dylib</Extensions>
                    </Platform>
                    <Platform Name="Win32">
                        <Operation>0</Operation>
                        <Extensions>.bpl</Extensions>
                    </Platform>
                    <Platform Name="OSX32">
                        <RemoteDir>Contents\MacOS</RemoteDir>
                        <Operation>1</Operation>
                        <Extensions>.dylib</Extensions>
                    </Platform>
                    <Platform Name="iOSSimulator">
                        <Operation>1</Operation>
                        <Extensions>.dylib</Extensions>
                    </Platform>
                    <Platform Name="iOSDevice32">
                        <Operation>1</Operation>
                        <Extensions>.dylib</Extensions>
                    </Platform>
                </DeployClass>
                <DeployClass Name="DependencyModule">
                    <Platform Name="iOSDevice64">
                        <Operation>1</Operation>
                        <Extensions>.dylib</Extensions>
                    </Platform>
                    <Platform Name="Win32">
                        <Operation>0</Operation>
                        <Extensions>.dll;.bpl</Extensions>
                    </Platform>
                    <Platform Name="OSX32">
                        <RemoteDir>Contents\MacOS</RemoteDir>
                        <Operation>1</Operation>
                        <Extensions>.dylib</Extensions>
                    </Platform>
                    <Platform Name="iOSSimulator">
                        <Operation>1</Operation>
                        <Extensions>.dylib</Extensions>
                    </Platform>
                    <Platform Name="iOSDevice32">
                        <Operation>1</Operation>
                        <Extensions>.dylib</Extensions>
                    </Platform>
                </DeployClass>
                <DeployClass Name="iPad_Launch2048">
                    <Platform Name="iOSDevice64">
                        <Operation>1</Operation>
                    </Platform>
                    <Platform Name="iOSSimulator">
                        <Operation>1</Operation>
                    </Platform>
                    <Platform Name="iOSDevice32">
                        <Operation>1</Operation>
                    </Platform>
                </DeployClass>
                <DeployClass Name="ProjectOSXInfoPList">
                    <Platform Name="OSX32">
                        <RemoteDir>Contents</RemoteDir>
                        <Operation>1</Operation>
                    </Platform>
                </DeployClass>
                <DeployClass Name="ProjectiOSDeviceDebug">
                    <Platform Name="iOSDevice64">
                        <RemoteDir>..\$(PROJECTNAME).app.dSYM\Contents\Resources\DWARF</RemoteDir>
                        <Operation>1</Operation>
                    </Platform>
                    <Platform Name="iOSDevice32">
                        <RemoteDir>..\$(PROJECTNAME).app.dSYM\Contents\Resources\DWARF</RemoteDir>
                        <Operation>1</Operation>
                    </Platform>
                </DeployClass>
                <DeployClass Name="Android_SplashImage470">
                    <Platform Name="Android">
                        <RemoteDir>res\drawable-normal</RemoteDir>
                        <Operation>1</Operation>
                    </Platform>
                </DeployClass>
                <DeployClass Name="AndroidLibnativeX86File">
                    <Platform Name="Android">
                        <RemoteDir>library\lib\x86</RemoteDir>
                        <Operation>1</Operation>
                    </Platform>
                </DeployClass>
                <DeployClass Name="ProjectiOSResource">
                    <Platform Name="iOSDevice64">
                        <Operation>1</Operation>
                    </Platform>
                    <Platform Name="iOSSimulator">
                        <Operation>1</Operation>
                    </Platform>
                    <Platform Name="iOSDevice32">
                        <Operation>1</Operation>
                    </Platform>
                </DeployClass>
                <DeployClass Name="ProjectOSXEntitlements">
                    <Platform Name="OSX32">
                        <RemoteDir>../</RemoteDir>
                        <Operation>1</Operation>
                    </Platform>
                </DeployClass>
                <DeployClass Name="AndroidGDBServer">
                    <Platform Name="Android">
                        <RemoteDir>library\lib\armeabi-v7a</RemoteDir>
                        <Operation>1</Operation>
                    </Platform>
                </DeployClass>
                <DeployClass Name="iPhone_Launch640">
                    <Platform Name="iOSDevice64">
                        <Operation>1</Operation>
                    </Platform>
                    <Platform Name="iOSSimulator">
                        <Operation>1</Operation>
                    </Platform>
                    <Platform Name="iOSDevice32">
                        <Operation>1</Operation>
                    </Platform>
                </DeployClass>
                <DeployClass Name="Android_SplashImage960">
                    <Platform Name="Android">
                        <RemoteDir>res\drawable-xlarge</RemoteDir>
                        <Operation>1</Operation>
                    </Platform>
                </DeployClass>
                <DeployClass Name="Android_LauncherIcon96">
                    <Platform Name="Android">
                        <RemoteDir>res\drawable-xhdpi</RemoteDir>
                        <Operation>1</Operation>
                    </Platform>
                </DeployClass>
                <DeployClass Name="iPhone_Launch320">
                    <Platform Name="iOSDevice64">
                        <Operation>1</Operation>
                    </Platform>
                    <Platform Name="iOSSimulator">
                        <Operation>1</Operation>
                    </Platform>
                    <Platform Name="iOSDevice32">
                        <Operation>1</Operation>
                    </Platform>
                </DeployClass>
                <DeployClass Name="Android_LauncherIcon144">
                    <Platform Name="Android">
                        <RemoteDir>res\drawable-xxhdpi</RemoteDir>
                        <Operation>1</Operation>
                    </Platform>
                </DeployClass>
                <DeployClass Name="AndroidLibnativeMipsFile">
                    <Platform Name="Android">
                        <RemoteDir>library\lib\mips</RemoteDir>
                        <Operation>1</Operation>
                    </Platform>
                </DeployClass>
                <DeployClass Name="AndroidSplashImageDef">
                    <Platform Name="Android">
                        <RemoteDir>res\drawable</RemoteDir>
                        <Operation>1</Operation>
                    </Platform>
                </DeployClass>
                <DeployClass Name="DebugSymbols">
                    <Platform Name="OSX32">
                        <RemoteDir>Contents\MacOS</RemoteDir>
                        <Operation>1</Operation>
                    </Platform>
                    <Platform Name="iOSSimulator">
                        <Operation>1</Operation>
                    </Platform>
                    <Platform Name="Win32">
                        <Operation>0</Operation>
                    </Platform>
                </DeployClass>
                <DeployClass Name="DependencyFramework">
                    <Platform Name="OSX32">
                        <RemoteDir>Contents\MacOS</RemoteDir>
                        <Operation>1</Operation>
                        <Extensions>.framework</Extensions>
                    </Platform>
                    <Platform Name="Win32">
                        <Operation>0</Operation>
                    </Platform>
                </DeployClass>
                <DeployClass Name="Android_SplashImage426">
                    <Platform Name="Android">
                        <RemoteDir>res\drawable-small</RemoteDir>
                        <Operation>1</Operation>
                    </Platform>
                </DeployClass>
                <DeployClass Name="ProjectiOSEntitlements">
                    <Platform Name="iOSDevice64">
                        <RemoteDir>../</RemoteDir>
                        <Operation>1</Operation>
                    </Platform>
                    <Platform Name="iOSDevice32">
                        <RemoteDir>../</RemoteDir>
                        <Operation>1</Operation>
                    </Platform>
                </DeployClass>
                <DeployClass Name="AdditionalDebugSymbols">
                    <Platform Name="OSX32">
                        <RemoteDir>Contents\MacOS</RemoteDir>
                        <Operation>1</Operation>
                    </Platform>
                    <Platform Name="iOSSimulator">
                        <Operation>1</Operation>
                    </Platform>
                    <Platform Name="Win32">
                        <RemoteDir>Contents\MacOS</RemoteDir>
                        <Operation>0</Operation>
                    </Platform>
                </DeployClass>
                <DeployClass Name="AndroidClassesDexFile">
                    <Platform Name="Android">
                        <RemoteDir>classes</RemoteDir>
                        <Operation>1</Operation>
                    </Platform>
                </DeployClass>
                <DeployClass Name="ProjectiOSInfoPList">
                    <Platform Name="iOSDevice64">
                        <Operation>1</Operation>
                    </Platform>
                    <Platform Name="iOSSimulator">
                        <Operation>1</Operation>
                    </Platform>
                    <Platform Name="iOSDevice32">
                        <Operation>1</Operation>
                    </Platform>
                </DeployClass>
                <DeployClass Name="iPad_Launch1024">
                    <Platform Name="iOSDevice64">
                        <Operation>1</Operation>
                    </Platform>
                    <Platform Name="iOSSimulator">
                        <Operation>1</Operation>
                    </Platform>
                    <Platform Name="iOSDevice32">
                        <Operation>1</Operation>
                    </Platform>
                </DeployClass>
                <DeployClass Name="Android_DefaultAppIcon">
                    <Platform Name="Android">
                        <RemoteDir>res\drawable</RemoteDir>
                        <Operation>1</Operation>
                    </Platform>
                </DeployClass>
                <DeployClass Name="ProjectOSXResource">
                    <Platform Name="OSX32">
                        <RemoteDir>Contents\Resources</RemoteDir>
                        <Operation>1</Operation>
                    </Platform>
                </DeployClass>
                <DeployClass Name="ProjectiOSDeviceResourceRules">
                    <Platform Name="iOSDevice64">
                        <Operation>1</Operation>
                    </Platform>
                    <Platform Name="iOSDevice32">
                        <Operation>1</Operation>
                    </Platform>
                </DeployClass>
                <DeployClass Name="iPad_Launch768">
                    <Platform Name="iOSDevice64">
                        <Operation>1</Operation>
                    </Platform>
                    <Platform Name="iOSSimulator">
                        <Operation>1</Operation>
                    </Platform>
                    <Platform Name="iOSDevice32">
                        <Operation>1</Operation>
                    </Platform>
                </DeployClass>
                <DeployClass Required="true" Name="ProjectOutput">
                    <Platform Name="Android">
                        <RemoteDir>library\lib\armeabi-v7a</RemoteDir>
                        <Operation>1</Operation>
                    </Platform>
                    <Platform Name="iOSDevice64">
                        <Operation>1</Operation>
                    </Platform>
                    <Platform Name="Win32">
                        <Operation>0</Operation>
                    </Platform>
                    <Platform Name="OSX32">
                        <RemoteDir>Contents\MacOS</RemoteDir>
                        <Operation>1</Operation>
                    </Platform>
                    <Platform Name="iOSSimulator">
                        <Operation>1</Operation>
                    </Platform>
                    <Platform Name="iOSDevice32">
                        <Operation>1</Operation>
                    </Platform>
                </DeployClass>
                <DeployClass Name="AndroidLibnativeArmeabiFile">
                    <Platform Name="Android">
                        <RemoteDir>library\lib\armeabi</RemoteDir>
                        <Operation>1</Operation>
                    </Platform>
                </DeployClass>
                <DeployClass Name="Android_SplashImage640">
                    <Platform Name="Android">
                        <RemoteDir>res\drawable-large</RemoteDir>
                        <Operation>1</Operation>
                    </Platform>
                </DeployClass>
                <DeployClass Name="File">
                    <Platform Name="Android">
                        <Operation>0</Operation>
                    </Platform>
                    <Platform Name="iOSDevice64">
                        <Operation>0</Operation>
                    </Platform>
                    <Platform Name="Win32">
                        <Operation>0</Operation>
                    </Platform>
                    <Platform Name="OSX32">
                        <RemoteDir>Contents\MacOS</RemoteDir>
                        <Operation>0</Operation>
                    </Platform>
                    <Platform Name="iOSSimulator">
                        <Operation>0</Operation>
                    </Platform>
                    <Platform Name="iOSDevice32">
                        <Operation>0</Operation>
                    </Platform>
                </DeployClass>
                <DeployClass Name="iPhone_Launch640x1136">
                    <Platform Name="iOSDevice64">
                        <Operation>1</Operation>
                    </Platform>
                    <Platform Name="iOSSimulator">
                        <Operation>1</Operation>
                    </Platform>
                    <Platform Name="iOSDevice32">
                        <Operation>1</Operation>
                    </Platform>
                </DeployClass>
                <DeployClass Name="Android_LauncherIcon36">
                    <Platform Name="Android">
                        <RemoteDir>res\drawable-ldpi</RemoteDir>
                        <Operation>1</Operation>
                    </Platform>
                </DeployClass>
                <DeployClass Name="AndroidSplashStyles">
                    <Platform Name="Android">
                        <RemoteDir>res\values</RemoteDir>
                        <Operation>1</Operation>
                    </Platform>
                </DeployClass>
                <DeployClass Name="iPad_Launch1536">
                    <Platform Name="iOSDevice64">
                        <Operation>1</Operation>
                    </Platform>
                    <Platform Name="iOSSimulator">
                        <Operation>1</Operation>
                    </Platform>
                    <Platform Name="iOSDevice32">
                        <Operation>1</Operation>
                    </Platform>
                </DeployClass>
                <DeployClass Name="Android_LauncherIcon48">
                    <Platform Name="Android">
                        <RemoteDir>res\drawable-mdpi</RemoteDir>
                        <Operation>1</Operation>
                    </Platform>
                </DeployClass>
                <DeployClass Name="Android_LauncherIcon72">
                    <Platform Name="Android">
                        <RemoteDir>res\drawable-hdpi</RemoteDir>
                        <Operation>1</Operation>
                    </Platform>
                </DeployClass>
                <DeployClass Name="ProjectAndroidManifest">
                    <Platform Name="Android">
                        <Operation>1</Operation>
                    </Platform>
                </DeployClass>
                <ProjectRoot Platform="iOSDevice32" Name="$(PROJECTNAME).app"/>
                <ProjectRoot Platform="Android" Name="$(PROJECTNAME)"/>
                <ProjectRoot Platform="Win32" Name="$(PROJECTNAME)"/>
                <ProjectRoot Platform="iOSDevice64" Name="$(PROJECTNAME).app"/>
                <ProjectRoot Platform="Win64" Name="$(PROJECTNAME)"/>
                <ProjectRoot Platform="OSX32" Name="$(PROJECTNAME).app"/>
                <ProjectRoot Platform="iOSSimulator" Name="$(PROJECTNAME).app"/>
            </Deployment>
            <Platforms>
                <Platform value="Win32">True</Platform>
                <Platform value="Win64">False</Platform>
            </Platforms>
        </BorlandProject>
        <ProjectFileVersion>12</ProjectFileVersion>
    </ProjectExtensions>
    <Import Project="$(BDS)\Bin\CodeGear.Delphi.Targets" Condition="Exists('$(BDS)\Bin\CodeGear.Delphi.Targets')"/>
    <Import Project="$(APPDATA)\Embarcadero\$(BDSAPPDATABASEDIR)\$(PRODUCTVERSION)\UserTools.proj" Condition="Exists('$(APPDATA)\Embarcadero\$(BDSAPPDATABASEDIR)\$(PRODUCTVERSION)\UserTools.proj')"/>
    <Import Project="$(MSBuildProjectName).deployproj" Condition="Exists('$(MSBuildProjectName).deployproj')"/>
</Project>
